
Microsoft Visual Studio Solution File, Format Version 12.00
# Visual Studio Version 16
VisualStudioVersion = 16.0.31313.79
MinimumVisualStudioVersion = 10.0.40219.1
Project("{FAE04EC0-301F-11D3-BF4B-00C04F79EFBC}") = "Project5_API", "Project5_API\Project5_API.csproj", "{C302EDCA-8742-4D70-8D7A-63DEF9B5862A}"
EndProject
Project("{FAE04EC0-301F-11D3-BF4B-00C04F79EFBC}") = "Models", "Models\Models.csproj", "{B9014A31-6549-4BE4-9AFB-467061CBCB4D}"
EndProject
Project("{FAE04EC0-301F-11D3-BF4B-00C04F79EFBC}") = "DAL", "DAL\DAL.csproj", "{2B403741-AB1F-46DA-BA8D-77B5668B4BDD}"
EndProject
Project("{FAE04EC0-301F-11D3-BF4B-00C04F79EFBC}") = "BLL", "BLL\BLL.csproj", "{A0DC2233-C7F8-48EF-88D0-B5CFCEA18AE8}"
EndProject
Global
	GlobalSection(SolutionConfigurationPlatforms) = preSolution
		Debug|Any CPU = Debug|Any CPU
		Release|Any CPU = Release|Any CPU
	EndGlobalSection
	GlobalSection(ProjectConfigurationPlatforms) = postSolution
		{C302EDCA-8742-4D70-8D7A-63DEF9B5862A}.Debug|Any CPU.ActiveCfg = Debug|Any CPU
		{C302EDCA-8742-4D70-8D7A-63DEF9B5862A}.Debug|Any CPU.Build.0 = Debug|Any CPU
		{C302EDCA-8742-4D70-8D7A-63DEF9B5862A}.Release|Any CPU.ActiveCfg = Release|Any CPU
		{C302EDCA-8742-4D70-8D7A-63DEF9B5862A}.Release|Any CPU.Build.0 = Release|Any CPU
		{B9014A31-6549-4BE4-9AFB-467061CBCB4D}.Debug|Any CPU.ActiveCfg = Debug|Any CPU
		{B9014A31-6549-4BE4-9AFB-467061CBCB4D}.Debug|Any CPU.Build.0 = Debug|Any CPU
		{B9014A31-6549-4BE4-9AFB-467061CBCB4D}.Release|Any CPU.ActiveCfg = Release|Any CPU
		{B9014A31-6549-4BE4-9AFB-467061CBCB4D}.Release|Any CPU.Build.0 = Release|Any CPU
		{2B403741-AB1F-46DA-BA8D-77B5668B4BDD}.Debug|Any CPU.ActiveCfg = Debug|Any CPU
		{2B403741-AB1F-46DA-BA8D-77B5668B4BDD}.Debug|Any CPU.Build.0 = Debug|Any CPU
		{2B403741-AB1F-46DA-BA8D-77B5668B4BDD}.Release|Any CPU.ActiveCfg = Release|Any CPU
		{2B403741-AB1F-46DA-BA8D-77B5668B4BDD}.Release|Any CPU.Build.0 = Release|Any CPU
		{A0DC2233-C7F8-48EF-88D0-B5CFCEA18AE8}.Debug|Any CPU.ActiveCfg = Debug|Any CPU
		{A0DC2233-C7F8-48EF-88D0-B5CFCEA18AE8}.Debug|Any CPU.Build.0 = Debug|Any CPU
		{A0DC2233-C7F8-48EF-88D0-B5CFCEA18AE8}.Release|Any CPU.ActiveCfg = Release|Any CPU
		{A0DC2233-C7F8-48EF-88D0-B5CFCEA18AE8}.Release|Any CPU.Build.0 = Release|Any CPU
	EndGlobalSection
	GlobalSection(SolutionProperties) = preSolution
		HideSolutionNode = FALSE
	EndGlobalSection
	GlobalSection(ExtensibilityGlobals) = postSolution
		SolutionGuid = {7185C0F8-8F56-40BF-A64E-1D0B80B0265E}
	EndGlobalSection
EndGlobal
